{
  "pins" : [
    {
      "identity" : "sqlite.swift",
      "kind" : "remoteSourceControl",
      "location" : "https://github.com/svetrancicik/SQLite.swift.git",
      "state" : {
        "branch" : "master",
        "revision" : "ee0fbce421dce7567f800d8b7913e8e9f6cf5bec"
      }
    }
  ],
  "version" : 2
}
